
Microsoft Visual Studio Solution File, Format Version 12.00
# Visual Studio Version 16
VisualStudioVersion = 16.0.29102.190
MinimumVisualStudioVersion = 10.0.40219.1
Project("{FAE04EC0-301F-11D3-BF4B-00C04F79EFBC}") = "DBase", "DBase\DBase.csproj", "{9720B5B8-538A-4CF1-A78F-9442F1C8F63E}"
EndProject
Global
	GlobalSection(SolutionConfigurationPlatforms) = preSolution
		Debug|Any CPU = Debug|Any CPU
		Release|Any CPU = Release|Any CPU
	EndGlobalSection
	GlobalSection(ProjectConfigurationPlatforms) = postSolution
		{9720B5B8-538A-4CF1-A78F-9442F1C8F63E}.Debug|Any CPU.ActiveCfg = Debug|Any CPU
		{9720B5B8-538A-4CF1-A78F-9442F1C8F63E}.Debug|Any CPU.Build.0 = Debug|Any CPU
		{9720B5B8-538A-4CF1-A78F-9442F1C8F63E}.Release|Any CPU.ActiveCfg = Release|Any CPU
		{9720B5B8-538A-4CF1-A78F-9442F1C8F63E}.Release|Any CPU.Build.0 = Release|Any CPU
	EndGlobalSection
	GlobalSection(SolutionProperties) = preSolution
		HideSolutionNode = FALSE
	EndGlobalSection
	GlobalSection(ExtensibilityGlobals) = postSolution
		SolutionGuid = {322ABA8D-AB41-494F-8C01-6A9B55791225}
	EndGlobalSection
EndGlobal
